// !$*UTF8*$!
{
	archiveVersion = 1;
	classes = {
	};
	objectVersion = 77;
	objects = {

/* Begin PBXBuildFile section */
		51DB06F72F77DB9A0070B417 /* Auth in Frameworks */ = {isa = PBXBuildFile; productRef = 51DB06F62F77DB9A0070B417 /* Auth */; };
		51DB06F92F77DB9A0070B417 /* Functions in Frameworks */ = {isa = PBXBuildFile; productRef = 51DB06F82F77DB9A0070B417 /* Functions */; };
		51DB06FB2F77DB9A0070B417 /* PostgREST in Frameworks */ = {isa = PBXBuildFile; productRef = 51DB06FA2F77DB9A0070B417 /* PostgREST */; };
		51DB06FD2F77DB9A0070B417 /* Realtime in Frameworks */ = {isa = PBXBuildFile; productRef = 51DB06FC2F77DB9A0070B417 /* Realtime */; };
		51DB06FF2F77DB9A0070B417 /* Storage in Frameworks */ = {isa = PBXBuildFile; productRef = 51DB06FE2F77DB9A0070B417 /* Storage */; };
		51DB07012F77DB9A0070B417 /* Supabase in Frameworks */ = {isa = PBXBuildFile; productRef = 51DB07002F77DB9A0070B417 /* Supabase */; };
/* End PBXBuildFile section */

/* Begin PBXContainerItemProxy section */
		518E55D32F614BC0008D79FD /* PBXContainerItemProxy */ = {
			isa = PBXContainerItemProxy;
			containerPortal = 518E55BB2F614BBE008D79FD /* Project object */;
			proxyType = 1;
			remoteGlobalIDString = 518E55C22F614BBE008D79FD;
			remoteInfo = ProjectX;
		};
		518E55DD2F614BC0008D79FD /* PBXContainerItemProxy */ = {
			isa = PBXContainerItemProxy;
			containerPortal = 518E55BB2F614BBE008D79FD /* Project object */;
			proxyType = 1;
			remoteGlobalIDString = 518E55C22F614BBE008D79FD;
			remoteInfo = ProjectX;
		};
/* End PBXContainerItemProxy section */

/* Begin PBXFileReference section */
		518E55C32F614BBE008D79FD /* ProjectX.app */ = {isa = PBXFileReference; explicitFileType = wrapper.application; includeInIndex = 0; path = ProjectX.app; sourceTree = BUILT_PRODUCTS_DIR; };
		518E55D22F614BC0008D79FD /* ProjectXTests.xctest */ = {isa = PBXFileReference; explicitFileType = wrapper.cfbundle; includeInIndex = 0; path = ProjectXTests.xctest; sourceTree = BUILT_PRODUCTS_DIR; };
		518E55DC2F614BC0008D79FD /* ProjectXUITests.xctest */ = {isa = PBXFileReference; explicitFileType = wrapper.cfbundle; includeInIndex = 0; path = ProjectXUITests.xctest; sourceTree = BUILT_PRODUCTS_DIR; };
/* End PBXFileReference section */

/* Begin PBXFileSystemSynchronizedRootGroup section */
		518E55C52F614BBE008D79FD /* ProjectX */ = {
			isa = PBXFileSystemSynchronizedRootGroup;
			path = ProjectX;
			sourceTree = "<group>";
		};
		518E55D52F614BC0008D79FD /* ProjectXTests */ = {
			isa = PBXFileSystemSynchronizedRootGroup;
			path = ProjectXTests;
			sourceTree = "<group>";
		};
		518E55DF2F614BC0008D79FD /* ProjectXUITests */ = {
			isa = PBXFileSystemSynchronizedRootGroup;
			path = ProjectXUITests;
			sourceTree = "<group>";
		};
/* End PBXFileSystemSynchronizedRootGroup section */

/* Begin PBXFrameworksBuildPhase section */
		518E55C02F614BBE008D79FD /* Frameworks */ = {
			isa = PBXFrameworksBuildPhase;
			buildActionMask = 2147483647;
			files = (
				51DB06FB2F77DB9A0070B417 /* PostgREST in Frameworks */,
				51DB06F92F77DB9A0070B417 /* Functions in Frameworks */,
				51DB07012F77DB9A0070B417 /* Supabase in Frameworks */,
				51DB06F72F77DB9A0070B417 /* Auth in Frameworks */,
				51DB06FF2F77DB9A0070B417 /* Storage in Frameworks */,
				51DB06FD2F77DB9A0070B417 /* Realtime in Frameworks */,
			);
			runOnlyForDeploymentPostprocessing = 0;
		};
		518E55CF2F614BC0008D79FD /* Frameworks */ = {
			isa = PBXFrameworksBuildPhase;
			buildActionMask = 2147483647;
			files = (
			);
			runOnlyForDeploymentPostprocessing = 0;
		};
		518E55D92F614BC0008D79FD /* Frameworks */ = {
			isa = PBXFrameworksBuildPhase;
			buildActionMask = 2147483647;
			files = (
			);
			runOnlyForDeploymentPostprocessing = 0;
		};
/* End PBXFrameworksBuildPhase section */

/* Begin PBXGroup section */
		518E55BA2F614BBE008D79FD = {
			isa = PBXGroup;
			children = (
				518E55C52F614BBE008D79FD /* ProjectX */,
				518E55D52F614BC0008D79FD /* ProjectXTests */,
				518E55DF2F614BC0008D79FD /* ProjectXUITests */,
				518E55C42F614BBE008D79FD /* Products */,
			);
			sourceTree = "<group>";
		};
		518E55C42F614BBE008D79FD /* Products */ = {
			isa = PBXGroup;
			children = (
				518E55C32F614BBE008D79FD /* ProjectX.app */,
				518E55D22F614BC0008D79FD /* ProjectXTests.xctest */,
				518E55DC2F614BC0008D79FD /* ProjectXUITests.xctest */,
			);
			name = Products;
			sourceTree = "<group>";
		};
/* End PBXGroup section */

/* Begin PBXNativeTarget section */
		518E55C22F614BBE008D79FD /* ProjectX */ = {
			isa = PBXNativeTarget;
			buildConfigurationList = 518E55E62F614BC0008D79FD /* Build configuration list for PBXNativeTarget "ProjectX" */;
			buildPhases = (
				518E55BF2F614BBE008D79FD /* Sources */,
				518E55C02F614BBE008D79FD /* Frameworks */,
				518E55C12F614BBE008D79FD /* Resources */,
			);
			buildRules = (
			);
			dependencies = (
			);
			fileSystemSynchronizedGroups = (
				518E55C52F614BBE008D79FD /* ProjectX */,
			);
			name = ProjectX;
			packageProductDependencies = (
				51DB06F62F77DB9A0070B417 /* Auth */,
				51DB06F82F77DB9A0070B417 /* Functions */,
				51DB06FA2F77DB9A0070B417 /* PostgREST */,
				51DB06FC2F77DB9A0070B417 /* Realtime */,
				51DB06FE2F77DB9A0070B417 /* Storage */,
				51DB07002F77DB9A0070B417 /* Supabase */,
			);
			productName = ProjectX;
			productReference = 518E55C32F614BBE008D79FD /* ProjectX.app */;
			productType = "com.apple.product-type.application";
		};
		518E55D12F614BC0008D79FD /* ProjectXTests */ = {
			isa = PBXNativeTarget;
			buildConfigurationList = 518E55E92F614BC0008D79FD /* Build configuration list for PBXNativeTarget "ProjectXTests" */;
			buildPhases = (
				518E55CE2F614BC0008D79FD /* Sources */,
				518E55CF2F614BC0008D79FD /* Frameworks */,
				518E55D02F614BC0008D79FD /* Resources */,
			);
			buildRules = (
			);
			dependencies = (
				518E55D42F614BC0008D79FD /* PBXTargetDependency */,
			);
			fileSystemSynchronizedGroups = (
				518E55D52F614BC0008D79FD /* ProjectXTests */,
			);
			name = ProjectXTests;
			packageProductDependencies = (
			);
			productName = ProjectXTests;
			productReference = 518E55D22F614BC0008D79FD /* ProjectXTests.xctest */;
			productType = "com.apple.product-type.bundle.unit-test";
		};
		518E55DB2F614BC0008D79FD /* ProjectXUITests */ = {
			isa = PBXNativeTarget;
			buildConfigurationList = 518E55EC2F614BC0008D79FD /* Build configuration list for PBXNativeTarget "ProjectXUITests" */;
			buildPhases = (
				518E55D82F614BC0008D79FD /* Sources */,
				518E55D92F614BC0008D79FD /* Frameworks */,
				518E55DA2F614BC0008D79FD /* Resources */,
			);
			buildRules = (
			);
			dependencies = (
				518E55DE2F614BC0008D79FD /* PBXTargetDependency */,
			);
			fileSystemSynchronizedGroups = (
				518E55DF2F614BC0008D79FD /* ProjectXUITests */,
			);
			name = ProjectXUITests;
			packageProductDependencies = (
			);
			productName = ProjectXUITests;
			productReference = 518E55DC2F614BC0008D79FD /* ProjectXUITests.xctest */;
			productType = "com.apple.product-type.bundle.ui-testing";
		};
/* End PBXNativeTarget section */

/* Begin PBXProject section */
		518E55BB2F614BBE008D79FD /* Project object */ = {
			isa = PBXProject;
			attributes = {
				BuildIndependentTargetsInParallel = 1;
				LastSwiftUpdateCheck = 2600;
				LastUpgradeCheck = 2600;
				TargetAttributes = {
					518E55C22F614BBE008D79FD = {
						CreatedOnToolsVersion = 26.0.1;
					};
					518E55D12F614BC0008D79FD = {
						CreatedOnToolsVersion = 26.0.1;
						TestTargetID = 518E55C22F614BBE008D79FD;
					};
					518E55DB2F614BC0008D79FD = {
						CreatedOnToolsVersion = 26.0.1;
						TestTargetID = 518E55C22F614BBE008D79FD;
					};
				};
			};
			buildConfigurationList = 518E55BE2F614BBE008D79FD /* Build configuration list for PBXProject "ProjectX" */;
			developmentRegion = en;
			hasScannedForEncodings = 0;
			knownRegions = (
				en,
				Base,
			);
			mainGroup = 518E55BA2F614BBE008D79FD;
			minimizedProjectReferenceProxies = 1;
			packageReferences = (
				51DB06F52F77DB9A0070B417 /* XCRemoteSwiftPackageReference "supabase-swift" */,
			);
			preferredProjectObjectVersion = 77;
			productRefGroup = 518E55C42F614BBE008D79FD /* Products */;
			projectDirPath = "";
			projectRoot = "";
			targets = (
				518E55C22F614BBE008D79FD /* ProjectX */,
				518E55D12F614BC0008D79FD /* ProjectXTests */,
				518E55DB2F614BC0008D79FD /* ProjectXUITests */,
			);
		};
/* End PBXProject section */

/* Begin PBXResourcesBuildPhase section */
		518E55C12F614BBE008D79FD /* Resources */ = {
			isa = PBXResourcesBuildPhase;
			buildActionMask = 2147483647;
			files = (
			);
			runOnlyForDeploymentPostprocessing = 0;
		};
		518E55D02F614BC0008D79FD /* Resources */ = {
			isa = PBXResourcesBuildPhase;
			buildActionMask = 2147483647;
			files = (
			);
			runOnlyForDeploymentPostprocessing = 0;
		};
		518E55DA2F614BC0008D79FD /* Resources */ = {
			isa = PBXResourcesBuildPhase;
			buildActionMask = 2147483647;
			files = (
			);
			runOnlyForDeploymentPostprocessing = 0;
		};
/* End PBXResourcesBuildPhase section */

/* Begin PBXSourcesBuildPhase section */
		518E55BF2F614BBE008D79FD /* Sources */ = {
			isa = PBXSourcesBuildPhase;
			buildActionMask = 2147483647;
			files = (
			);
			runOnlyForDeploymentPostprocessing = 0;
		};
		518E55CE2F614BC0008D79FD /* Sources */ = {
			isa = PBXSourcesBuildPhase;
			buildActionMask = 2147483647;
			files = (
			);
			runOnlyForDeploymentPostprocessing = 0;
		};
		518E55D82F614BC0008D79FD /* Sources */ = {
			isa = PBXSourcesBuildPhase;
			buildActionMask = 2147483647;
			files = (
			);
			runOnlyForDeploymentPostprocessing = 0;
		};
/* End PBXSourcesBuildPhase section */

/* Begin PBXTargetDependency section */
		518E55D42F614BC0008D79FD /* PBXTargetDependency */ = {
			isa = PBXTargetDependency;
			target = 518E55C22F614BBE008D79FD /* ProjectX */;
			targetProxy = 518E55D32F614BC0008D79FD /* PBXContainerItemProxy */;
		};
		518E55DE2F614BC0008D79FD /* PBXTargetDependency */ = {
			isa = PBXTargetDependency;
			target = 518E55C22F614BBE008D79FD /* ProjectX */;
			targetProxy = 518E55DD2F614BC0008D79FD /* PBXContainerItemProxy */;
		};
/* End PBXTargetDependency section */

/* Begin XCBuildConfiguration section */
		518E55E42F614BC0008D79FD /* Debug */ = {
			isa = XCBuildConfiguration;
			buildSettings = {
				ALWAYS_SEARCH_USER_PATHS = NO;
				ASSETCATALOG_COMPILER_GENERATE_SWIFT_ASSET_SYMBOL_EXTENSIONS = YES;
				CLANG_ANALYZER_NONNULL = YES;
				CLANG_ANALYZER_NUMBER_OBJECT_CONVERSION = YES_AGGRESSIVE;
				CLANG_CXX_LANGUAGE_STANDARD = "gnu++20";
				CLANG_ENABLE_MODULES = YES;
				CLANG_ENABLE_OBJC_ARC = YES;
				CLANG_ENABLE_OBJC_WEAK = YES;
				CLANG_WARN_BLOCK_CAPTURE_AUTORELEASING = YES;
				CLANG_WARN_BOOL_CONVERSION = YES;
				CLANG_WARN_COMMA = YES;
				CLANG_WARN_CONSTANT_CONVERSION = YES;
				CLANG_WARN_DEPRECATED_OBJC_IMPLEMENTATIONS = YES;
				CLANG_WARN_DIRECT_OBJC_ISA_USAGE = YES_ERROR;
				CLANG_WARN_DOCUMENTATION_COMMENTS = YES;
				CLANG_WARN_EMPTY_BODY = YES;
				CLANG_WARN_ENUM_CONVERSION = YES;
				CLANG_WARN_INFINITE_RECURSION = YES;
				CLANG_WARN_INT_CONVERSION = YES;
				CLANG_WARN_NON_LITERAL_NULL_CONVERSION = YES;
				CLANG_WARN_OBJC_IMPLICIT_RETAIN_SELF = YES;
				CLANG_WARN_OBJC_LITERAL_CONVERSION = YES;
				CLANG_WARN_OBJC_ROOT_CLASS = YES_ERROR;
				CLANG_WARN_QUOTED_INCLUDE_IN_FRAMEWORK_HEADER = YES;
				CLANG_WARN_RANGE_LOOP_ANALYSIS = YES;
				CLANG_WARN_STRICT_PROTOTYPES = YES;
				CLANG_WARN_SUSPICIOUS_MOVE = YES;
				CLANG_WARN_UNGUARDED_AVAILABILITY = YES_AGGRESSIVE;
				CLANG_WARN_UNREACHABLE_CODE = YES;
				CLANG_WARN__DUPLICATE_METHOD_MATCH = YES;
				COPY_PHASE_STRIP = NO;
				DEBUG_INFORMATION_FORMAT = dwarf;
				ENABLE_STRICT_OBJC_MSGSEND = YES;
				ENABLE_TESTABILITY = YES;
				ENABLE_USER_SCRIPT_SANDBOXING = YES;
				GCC_C_LANGUAGE_STANDARD = gnu17;
				GCC_DYNAMIC_NO_PIC = NO;
				GCC_NO_COMMON_BLOCKS = YES;
				GCC_OPTIMIZATION_LEVEL = 0;
				GCC_PREPROCESSOR_DEFINITIONS = (
					"DEBUG=1",
					"$(inherited)",
				);
				GCC_WARN_64_TO_32_BIT_CONVERSION = YES;
				GCC_WARN_ABOUT_RETURN_TYPE = YES_ERROR;
				GCC_WARN_UNDECLARED_SELECTOR = YES;
				GCC_WARN_UNINITIALIZED_AUTOS = YES_AGGRESSIVE;
				GCC_WARN_UNUSED_FUNCTION = YES;
				GCC_WARN_UNUSED_VARIABLE = YES;
				IPHONEOS_DEPLOYMENT_TARGET = 26.0;
				LOCALIZATION_PREFERS_STRING_CATALOGS = YES;
				MTL_ENABLE_DEBUG_INFO = INCLUDE_SOURCE;
				MTL_FAST_MATH = YES;
				ONLY_ACTIVE_ARCH = YES;
				SDKROOT = iphoneos;
				SWIFT_ACTIVE_COMPILATION_CONDITIONS = "DEBUG $(inherited)";
				SWIFT_OPTIMIZATION_LEVEL = "-Onone";
			};
			name = Debug;
		};
		518E55E52F614BC0008D79FD /* Release */ = {
			isa = XCBuildConfiguration;
			buildSettings = {
				ALWAYS_SEARCH_USER_PATHS = NO;
				ASSETCATALOG_COMPILER_GENERATE_SWIFT_ASSET_SYMBOL_EXTENSIONS = YES;
				CLANG_ANALYZER_NONNULL = YES;
				CLANG_ANALYZER_NUMBER_OBJECT_CONVERSION = YES_AGGRESSIVE;
				CLANG_CXX_LANGUAGE_STANDARD = "gnu++20";
				CLANG_ENABLE_MODULES = YES;
				CLANG_ENABLE_OBJC_ARC = YES;
				CLANG_ENABLE_OBJC_WEAK = YES;
				CLANG_WARN_BLOCK_CAPTURE_AUTORELEASING = YES;
				CLANG_WARN_BOOL_CONVERSION = YES;
				CLANG_WARN_COMMA = YES;
				CLANG_WARN_CONSTANT_CONVERSION = YES;
				CLANG_WARN_DEPRECATED_OBJC_IMPLEMENTATIONS = YES;
				CLANG_WARN_DIRECT_OBJC_ISA_USAGE = YES_ERROR;
				CLANG_WARN_DOCUMENTATION_COMMENTS = YES;
				CLANG_WARN_EMPTY_BODY = YES;
				CLANG_WARN_ENUM_CONVERSION = YES;
				CLANG_WARN_INFINITE_RECURSION = YES;
				CLANG_WARN_INT_CONVERSION = YES;
				CLANG_WARN_NON_LITERAL_NULL_CONVERSION = YES;
				CLANG_WARN_OBJC_IMPLICIT_RETAIN_SELF = YES;
				CLANG_WARN_OBJC_LITERAL_CONVERSION = YES;
				CLANG_WARN_OBJC_ROOT_CLASS = YES_ERROR;
				CLANG_WARN_QUOTED_INCLUDE_IN_FRAMEWORK_HEADER = YES;
				CLANG_WARN_RANGE_LOOP_ANALYSIS = YES;
				CLANG_WARN_STRICT_PROTOTYPES = YES;
				CLANG_WARN_SUSPICIOUS_MOVE = YES;
				CLANG_WARN_UNGUARDED_AVAILABILITY = YES_AGGRESSIVE;
				CLANG_WARN_UNREACHABLE_CODE = YES;
				CLANG_WARN__DUPLICATE_METHOD_MATCH = YES;
				COPY_PHASE_STRIP = NO;
				DEBUG_INFORMATION_FORMAT = "dwarf-with-dsym";
				ENABLE_NS_ASSERTIONS = NO;
				ENABLE_STRICT_OBJC_MSGSEND = YES;
				ENABLE_USER_SCRIPT_SANDBOXING = YES;
				GCC_C_LANGUAGE_STANDARD = gnu17;
				GCC_NO_COMMON_BLOCKS = YES;
				GCC_WARN_64_TO_32_BIT_CONVERSION = YES;
				GCC_WARN_ABOUT_RETURN_TYPE = YES_ERROR;
				GCC_WARN_UNDECLARED_SELECTOR = YES;
				GCC_WARN_UNINITIALIZED_AUTOS = YES_AGGRESSIVE;
				GCC_WARN_UNUSED_FUNCTION = YES;
				GCC_WARN_UNUSED_VARIABLE = YES;
				IPHONEOS_DEPLOYMENT_TARGET = 26.0;
				LOCALIZATION_PREFERS_STRING_CATALOGS = YES;
				MTL_ENABLE_DEBUG_INFO = NO;
				MTL_FAST_MATH = YES;
				SDKROOT = iphoneos;
				SWIFT_COMPILATION_MODE = wholemodule;
				VALIDATE_PRODUCT = YES;
			};
			name = Release;
		};
		518E55E72F614BC0008D79FD /* Debug */ = {
			isa = XCBuildConfiguration;
			buildSettings = {
				ASSETCATALOG_COMPILER_APPICON_NAME = AppIcon;
				ASSETCATALOG_COMPILER_GLOBAL_ACCENT_COLOR_NAME = AccentColor;
				CODE_SIGN_STYLE = Automatic;
				CURRENT_PROJECT_VERSION = 1;
				ENABLE_PREVIEWS = YES;
				GENERATE_INFOPLIST_FILE = YES;
				INFOPLIST_KEY_UIApplicationSceneManifest_Generation = YES;
				INFOPLIST_KEY_UIApplicationSupportsIndirectInputEvents = YES;
				INFOPLIST_KEY_UILaunchScreen_Generation = YES;
				INFOPLIST_KEY_UISupportedInterfaceOrientations_iPad = "UIInterfaceOrientationPortrait UIInterfaceOrientationPortraitUpsideDown UIInterfaceOrientationLandscapeLeft UIInterfaceOrientationLandscapeRight";
				INFOPLIST_KEY_UISupportedInterfaceOrientations_iPhone = "UIInterfaceOrientationPortrait UIInterfaceOrientationLandscapeLeft UIInterfaceOrientationLandscapeRight";
				LD_RUNPATH_SEARCH_PATHS = (
					"$(inherited)",
					"@executable_path/Frameworks",
				);
				MARKETING_VERSION = 1.0;
				PRODUCT_BUNDLE_IDENTIFIER = binur.ProjectX;
				PRODUCT_NAME = "$(TARGET_NAME)";
				STRING_CATALOG_GENERATE_SYMBOLS = YES;
				SWIFT_APPROACHABLE_CONCURRENCY = YES;
				SWIFT_DEFAULT_ACTOR_ISOLATION = MainActor;
				SWIFT_EMIT_LOC_STRINGS = YES;
				SWIFT_UPCOMING_FEATURE_MEMBER_IMPORT_VISIBILITY = YES;
				SWIFT_VERSION = 5.0;
				TARGETED_DEVICE_FAMILY = "1,2";
			};
			name = Debug;
		};
		518E55E82F614BC0008D79FD /* Release */ = {
			isa = XCBuildConfiguration;
			buildSettings = {
				ASSETCATALOG_COMPILER_APPICON_NAME = AppIcon;
				ASSETCATALOG_COMPILER_GLOBAL_ACCENT_COLOR_NAME = AccentColor;
				CODE_SIGN_STYLE = Automatic;
				CURRENT_PROJECT_VERSION = 1;
				ENABLE_PREVIEWS = YES;
				GENERATE_INFOPLIST_FILE = YES;
				INFOPLIST_KEY_UIApplicationSceneManifest_Generation = YES;
				INFOPLIST_KEY_UIApplicationSupportsIndirectInputEvents = YES;
				INFOPLIST_KEY_UILaunchScreen_Generation = YES;
				INFOPLIST_KEY_UISupportedInterfaceOrientations_iPad = "UIInterfaceOrientationPortrait UIInterfaceOrientationPortraitUpsideDown UIInterfaceOrientationLandscapeLeft UIInterfaceOrientationLandscapeRight";
				INFOPLIST_KEY_UISupportedInterfaceOrientations_iPhone = "UIInterfaceOrientationPortrait UIInterfaceOrientationLandscapeLeft UIInterfaceOrientationLandscapeRight";
				LD_RUNPATH_SEARCH_PATHS = (
					"$(inherited)",
					"@executable_path/Frameworks",
				);
				MARKETING_VERSION = 1.0;
				PRODUCT_BUNDLE_IDENTIFIER = binur.ProjectX;
				PRODUCT_NAME = "$(TARGET_NAME)";
				STRING_CATALOG_GENERATE_SYMBOLS = YES;
				SWIFT_APPROACHABLE_CONCURRENCY = YES;
				SWIFT_DEFAULT_ACTOR_ISOLATION = MainActor;
				SWIFT_EMIT_LOC_STRINGS = YES;
				SWIFT_UPCOMING_FEATURE_MEMBER_IMPORT_VISIBILITY = YES;
				SWIFT_VERSION = 5.0;
				TARGETED_DEVICE_FAMILY = "1,2";
			};
			name = Release;
		};
		518E55EA2F614BC0008D79FD /* Debug */ = {
			isa = XCBuildConfiguration;
			buildSettings = {
				BUNDLE_LOADER = "$(TEST_HOST)";
				CODE_SIGN_STYLE = Automatic;
				CURRENT_PROJECT_VERSION = 1;
				GENERATE_INFOPLIST_FILE = YES;
				IPHONEOS_DEPLOYMENT_TARGET = 26.0;
				MARKETING_VERSION = 1.0;
				PRODUCT_BUNDLE_IDENTIFIER = binur.ProjectXTests;
				PRODUCT_NAME = "$(TARGET_NAME)";
				STRING_CATALOG_GENERATE_SYMBOLS = NO;
				SWIFT_APPROACHABLE_CONCURRENCY = YES;
				SWIFT_EMIT_LOC_STRINGS = NO;
				SWIFT_UPCOMING_FEATURE_MEMBER_IMPORT_VISIBILITY = YES;
				SWIFT_VERSION = 5.0;
				TARGETED_DEVICE_FAMILY = "1,2";
				TEST_HOST = "$(BUILT_PRODUCTS_DIR)/ProjectX.app/$(BUNDLE_EXECUTABLE_FOLDER_PATH)/ProjectX";
			};
			name = Debug;
		};
		518E55EB2F614BC0008D79FD /* Release */ = {
			isa = XCBuildConfiguration;
			buildSettings = {
				BUNDLE_LOADER = "$(TEST_HOST)";
				CODE_SIGN_STYLE = Automatic;
				CURRENT_PROJECT_VERSION = 1;
				GENERATE_INFOPLIST_FILE = YES;
				IPHONEOS_DEPLOYMENT_TARGET = 26.0;
				MARKETING_VERSION = 1.0;
				PRODUCT_BUNDLE_IDENTIFIER = binur.ProjectXTests;
				PRODUCT_NAME = "$(TARGET_NAME)";
				STRING_CATALOG_GENERATE_SYMBOLS = NO;
				SWIFT_APPROACHABLE_CONCURRENCY = YES;
				SWIFT_EMIT_LOC_STRINGS = NO;
				SWIFT_UPCOMING_FEATURE_MEMBER_IMPORT_VISIBILITY = YES;
				SWIFT_VERSION = 5.0;
				TARGETED_DEVICE_FAMILY = "1,2";
				TEST_HOST = "$(BUILT_PRODUCTS_DIR)/ProjectX.app/$(BUNDLE_EXECUTABLE_FOLDER_PATH)/ProjectX";
			};
			name = Release;
		};
		518E55ED2F614BC0008D79FD /* Debug */ = {
			isa = XCBuildConfiguration;
			buildSettings = {
				CODE_SIGN_STYLE = Automatic;
				CURRENT_PROJECT_VERSION = 1;
				GENERATE_INFOPLIST_FILE = YES;
				MARKETING_VERSION = 1.0;
				PRODUCT_BUNDLE_IDENTIFIER = binur.ProjectXUITests;
				PRODUCT_NAME = "$(TARGET_NAME)";
				STRING_CATALOG_GENERATE_SYMBOLS = NO;
				SWIFT_APPROACHABLE_CONCURRENCY = YES;
				SWIFT_EMIT_LOC_STRINGS = NO;
				SWIFT_UPCOMING_FEATURE_MEMBER_IMPORT_VISIBILITY = YES;
				SWIFT_VERSION = 5.0;
				TARGETED_DEVICE_FAMILY = "1,2";
				TEST_TARGET_NAME = ProjectX;
			};
			name = Debug;
		};
		518E55EE2F614BC0008D79FD /* Release */ = {
			isa = XCBuildConfiguration;
			buildSettings = {
				CODE_SIGN_STYLE = Automatic;
				CURRENT_PROJECT_VERSION = 1;
				GENERATE_INFOPLIST_FILE = YES;
				MARKETING_VERSION = 1.0;
				PRODUCT_BUNDLE_IDENTIFIER = binur.ProjectXUITests;
				PRODUCT_NAME = "$(TARGET_NAME)";
				STRING_CATALOG_GENERATE_SYMBOLS = NO;
				SWIFT_APPROACHABLE_CONCURRENCY = YES;
				SWIFT_EMIT_LOC_STRINGS = NO;
				SWIFT_UPCOMING_FEATURE_MEMBER_IMPORT_VISIBILITY = YES;
				SWIFT_VERSION = 5.0;
				TARGETED_DEVICE_FAMILY = "1,2";
				TEST_TARGET_NAME = ProjectX;
			};
			name = Release;
		};
/* End XCBuildConfiguration section */

/* Begin XCConfigurationList section */
		518E55BE2F614BBE008D79FD /* Build configuration list for PBXProject "ProjectX" */ = {
			isa = XCConfigurationList;
			buildConfigurations = (
				518E55E42F614BC0008D79FD /* Debug */,
				518E55E52F614BC0008D79FD /* Release */,
			);
			defaultConfigurationIsVisible = 0;
			defaultConfigurationName = Release;
		};
		518E55E62F614BC0008D79FD /* Build configuration list for PBXNativeTarget "ProjectX" */ = {
			isa = XCConfigurationList;
			buildConfigurations = (
				518E55E72F614BC0008D79FD /* Debug */,
				518E55E82F614BC0008D79FD /* Release */,
			);
			defaultConfigurationIsVisible = 0;
			defaultConfigurationName = Release;
		};
		518E55E92F614BC0008D79FD /* Build configuration list for PBXNativeTarget "ProjectXTests" */ = {
			isa = XCConfigurationList;
			buildConfigurations = (
				518E55EA2F614BC0008D79FD /* Debug */,
				518E55EB2F614BC0008D79FD /* Release */,
			);
			defaultConfigurationIsVisible = 0;
			defaultConfigurationName = Release;
		};
		518E55EC2F614BC0008D79FD /* Build configuration list for PBXNativeTarget "ProjectXUITests" */ = {
			isa = XCConfigurationList;
			buildConfigurations = (
				518E55ED2F614BC0008D79FD /* Debug */,
				518E55EE2F614BC0008D79FD /* Release */,
			);
			defaultConfigurationIsVisible = 0;
			defaultConfigurationName = Release;
		};
/* End XCConfigurationList section */

/* Begin XCRemoteSwiftPackageReference section */
		51DB06F52F77DB9A0070B417 /* XCRemoteSwiftPackageReference "supabase-swift" */ = {
			isa = XCRemoteSwiftPackageReference;
			repositoryURL = "https://github.com/supabase-community/supabase-swift.git";
			requirement = {
				kind = upToNextMajorVersion;
				minimumVersion = 2.5.1;
			};
		};
/* End XCRemoteSwiftPackageReference section */

/* Begin XCSwiftPackageProductDependency section */
		51DB06F62F77DB9A0070B417 /* Auth */ = {
			isa = XCSwiftPackageProductDependency;
			package = 51DB06F52F77DB9A0070B417 /* XCRemoteSwiftPackageReference "supabase-swift" */;
			productName = Auth;
		};
		51DB06F82F77DB9A0070B417 /* Functions */ = {
			isa = XCSwiftPackageProductDependency;
			package = 51DB06F52F77DB9A0070B417 /* XCRemoteSwiftPackageReference "supabase-swift" */;
			productName = Functions;
		};
		51DB06FA2F77DB9A0070B417 /* PostgREST */ = {
			isa = XCSwiftPackageProductDependency;
			package = 51DB06F52F77DB9A0070B417 /* XCRemoteSwiftPackageReference "supabase-swift" */;
			productName = PostgREST;
		};
		51DB06FC2F77DB9A0070B417 /* Realtime */ = {
			isa = XCSwiftPackageProductDependency;
			package = 51DB06F52F77DB9A0070B417 /* XCRemoteSwiftPackageReference "supabase-swift" */;
			productName = Realtime;
		};
		51DB06FE2F77DB9A0070B417 /* Storage */ = {
			isa = XCSwiftPackageProductDependency;
			package = 51DB06F52F77DB9A0070B417 /* XCRemoteSwiftPackageReference "supabase-swift" */;
			productName = Storage;
		};
		51DB07002F77DB9A0070B417 /* Supabase */ = {
			isa = XCSwiftPackageProductDependency;
			package = 51DB06F52F77DB9A0070B417 /* XCRemoteSwiftPackageReference "supabase-swift" */;
			productName = Supabase;
		};
/* End XCSwiftPackageProductDependency section */
	};
	rootObject = 518E55BB2F614BBE008D79FD /* Project object */;
}
